
Microsoft Visual Studio Solution File, Format Version 12.00
# Visual Studio Version 16
VisualStudioVersion = 16.0.31424.327
MinimumVisualStudioVersion = 10.0.40219.1
Project("{FAE04EC0-301F-11D3-BF4B-00C04F79EFBC}") = "POS_Fiscal", "POS_Fiscal\POS_Fiscal.csproj", "{AADC04BB-75F3-499F-9279-60E09AC114AB}"
EndProject
Global
	GlobalSection(SolutionConfigurationPlatforms) = preSolution
		Debug|Any CPU = Debug|Any CPU
		Debug|x64 = Debug|x64
		Release|Any CPU = Release|Any CPU
		Release|x64 = Release|x64
	EndGlobalSection
	GlobalSection(ProjectConfigurationPlatforms) = postSolution
		{AADC04BB-75F3-499F-9279-60E09AC114AB}.Debug|Any CPU.ActiveCfg = Debug|Any CPU
		{AADC04BB-75F3-499F-9279-60E09AC114AB}.Debug|Any CPU.Build.0 = Debug|Any CPU
		{AADC04BB-75F3-499F-9279-60E09AC114AB}.Debug|x64.ActiveCfg = Debug|x64
		{AADC04BB-75F3-499F-9279-60E09AC114AB}.Debug|x64.Build.0 = Debug|x64
		{AADC04BB-75F3-499F-9279-60E09AC114AB}.Release|Any CPU.ActiveCfg = Release|Any CPU
		{AADC04BB-75F3-499F-9279-60E09AC114AB}.Release|Any CPU.Build.0 = Release|Any CPU
		{AADC04BB-75F3-499F-9279-60E09AC114AB}.Release|x64.ActiveCfg = Release|x64
		{AADC04BB-75F3-499F-9279-60E09AC114AB}.Release|x64.Build.0 = Release|x64
	EndGlobalSection
	GlobalSection(SolutionProperties) = preSolution
		HideSolutionNode = FALSE
	EndGlobalSection
	GlobalSection(ExtensibilityGlobals) = postSolution
		SolutionGuid = {1D13821D-C815-4EB7-9C95-409194E40942}
	EndGlobalSection
EndGlobal
